
Microsoft Visual Studio Solution File, Format Version 12.00
# Visual Studio 2012
Project("{FAE04EC0-301F-11D3-BF4B-00C04F79EFBC}") = "WpfApplication_KinectAudioSample", "WpfApplication_KinectAudioSample\WpfApplication_KinectAudioSample.csproj", "{BA7575D8-7CF7-4A95-86E3-38A5A494055D}"
EndProject
Global
	GlobalSection(SolutionConfigurationPlatforms) = preSolution
		Debug|Any CPU = Debug|Any CPU
		Release|Any CPU = Release|Any CPU
	EndGlobalSection
	GlobalSection(ProjectConfigurationPlatforms) = postSolution
		{BA7575D8-7CF7-4A95-86E3-38A5A494055D}.Debug|Any CPU.ActiveCfg = Debug|Any CPU
		{BA7575D8-7CF7-4A95-86E3-38A5A494055D}.Debug|Any CPU.Build.0 = Debug|Any CPU
		{BA7575D8-7CF7-4A95-86E3-38A5A494055D}.Release|Any CPU.ActiveCfg = Release|Any CPU
		{BA7575D8-7CF7-4A95-86E3-38A5A494055D}.Release|Any CPU.Build.0 = Release|Any CPU
	EndGlobalSection
	GlobalSection(SolutionProperties) = preSolution
		HideSolutionNode = FALSE
	EndGlobalSection
EndGlobal
